PODS:
  - Flutter (1.0.0)
  - geo_location_finder (1.0.8):
    - Flutter

DEPENDENCIES:
  - Flutter (from `.symlinks/flutter/ios`)
  - geo_location_finder (from `.symlinks/plugins/geo_location_finder/ios`)

EXTERNAL SOURCES:
  Flutter:
    :path: ".symlinks/flutter/ios"
  geo_location_finder:
    :path: ".symlinks/plugins/geo_location_finder/ios"

SPEC CHECKSUMS:
  Flutter: 58dd7d1b27887414a370fcccb9e645c08ffd7a6a
  geo_location_finder: 2b8bc9a12096629dbb7ce4d8060c0f5637d258fc

PODFILE CHECKSUM: ebd43b443038e611b86ede96e613bd6033c49497

COCOAPODS: 1.6.0.beta.2
